// !$*UTF8*$!
{
	archiveVersion = 1;
	classes = {
	};
	objectVersion = 50;
	objects = {

/* Begin PBXBuildFile section */
		161C4E72214E8735003EB5A3 /* AppDelegate.swift in Sources */ = {isa = PBXBuildFile; fileRef = 161C4E71214E8735003EB5A3 /* AppDelegate.swift */; };
		161C4E74214E8735003EB5A3 /* MoviesViewController.swift in Sources */ = {isa = PBXBuildFile; fileRef = 161C4E73214E8735003EB5A3 /* MoviesViewController.swift */; };
		161C4E77214E8735003EB5A3 /* Main.storyboard in Resources */ = {isa = PBXBuildFile; fileRef = 161C4E75214E8735003EB5A3 /* Main.storyboard */; };
		161C4E7A214E8735003EB5A3 /* MovieDBDiscovery.xcdatamodeld in Sources */ = {isa = PBXBuildFile; fileRef = 161C4E78214E8735003EB5A3 /* MovieDBDiscovery.xcdatamodeld */; };
		161C4E7C214E8736003EB5A3 /* Assets.xcassets in Resources */ = {isa = PBXBuildFile; fileRef = 161C4E7B214E8736003EB5A3 /* Assets.xcassets */; };
		161C4E7F214E8736003EB5A3 /* LaunchScreen.storyboard in Resources */ = {isa = PBXBuildFile; fileRef = 161C4E7D214E8736003EB5A3 /* LaunchScreen.storyboard */; };
		161C4E8A214E8736003EB5A3 /* MoviesViewModelTests.swift in Sources */ = {isa = PBXBuildFile; fileRef = 161C4E89214E8736003EB5A3 /* MoviesViewModelTests.swift */; };
		161C4E9E214EEEB0003EB5A3 /* MovieCell.swift in Sources */ = {isa = PBXBuildFile; fileRef = 161C4E9D214EEEB0003EB5A3 /* MovieCell.swift */; };
		161C4E8A214E8736003EB5A3 /* MovieDBDiscoveryTests.swift in Sources */ = {isa = PBXBuildFile; fileRef = 161C4E89214E8736003EB5A3 /* MovieDBDiscoveryTests.swift */; };
		161C4E96214ED14A003EB5A3 /* Movie+CoreDataClass.swift in Sources */ = {isa = PBXBuildFile; fileRef = 161C4E94214ED14A003EB5A3 /* Movie+CoreDataClass.swift */; };
		167C4F1A215121F20001A8A7 /* Alamofire.framework in Frameworks */ = {isa = PBXBuildFile; fileRef = 167C4F19215121F20001A8A7 /* Alamofire.framework */; };
		167C4F4D2154FD390001A8A7 /* APISession.swift in Sources */ = {isa = PBXBuildFile; fileRef = 167C4F4C2154FD390001A8A7 /* APISession.swift */; };
		161C4E97214ED14A003EB5A3 /* Movie+CoreDataProperties.swift in Sources */ = {isa = PBXBuildFile; fileRef = 161C4E95214ED14A003EB5A3 /* Movie+CoreDataProperties.swift */; };
		167C4F4F215507610001A8A7 /* MoviesRequestHandler.swift in Sources */ = {isa = PBXBuildFile; fileRef = 167C4F4E215507610001A8A7 /* MoviesRequestHandler.swift */; };
		167C4F53215654380001A8A7 /* MoviesListViewModel.swift in Sources */ = {isa = PBXBuildFile; fileRef = 167C4F52215654380001A8A7 /* MoviesListViewModel.swift */; };
		167C4F55215654460001A8A7 /* Movie.swift in Sources */ = {isa = PBXBuildFile; fileRef = 167C4F54215654460001A8A7 /* Movie.swift */; };
		167C4F582157BB550001A8A7 /* MovieViewModel.swift in Sources */ = {isa = PBXBuildFile; fileRef = 167C4F572157BB550001A8A7 /* MovieViewModel.swift */; };
		167C4F5A2157CC770001A8A7 /* AlamofireImage.framework in Frameworks */ = {isa = PBXBuildFile; fileRef = 167C4F592157CC770001A8A7 /* AlamofireImage.framework */; };
		167C4F5C215821250001A8A7 /* Mocks.swift in Sources */ = {isa = PBXBuildFile; fileRef = 167C4F5B215821250001A8A7 /* Mocks.swift */; };
		167C4F5E2158B3220001A8A7 /* TestData.swift in Sources */ = {isa = PBXBuildFile; fileRef = 167C4F5D2158B3220001A8A7 /* TestData.swift */; };
		167C4F602158CB720001A8A7 /* ModelTests.swift in Sources */ = {isa = PBXBuildFile; fileRef = 167C4F5F2158CB720001A8A7 /* ModelTests.swift */; };
		167C4F622158F8DA0001A8A7 /* MovieCellTests.swift in Sources */ = {isa = PBXBuildFile; fileRef = 167C4F612158F8DA0001A8A7 /* MovieCellTests.swift */; };
		167C4F6521590ECE0001A8A7 /* SearchFooter.swift in Sources */ = {isa = PBXBuildFile; fileRef = 167C4F6421590ECE0001A8A7 /* SearchFooter.swift */; };
		167C4F67215910060001A8A7 /* MoviesViewController+SearchController.swift in Sources */ = {isa = PBXBuildFile; fileRef = 167C4F66215910060001A8A7 /* MoviesViewController+SearchController.swift */; };
		161C4E9A214ED179003EB5A3 /* MovieDetails+CoreDataClass.swift in Sources */ = {isa = PBXBuildFile; fileRef = 161C4E98214ED179003EB5A3 /* MovieDetails+CoreDataClass.swift */; };
		167C4F69215941510001A8A7 /* MoviesRequestHandlerTests.swift in Sources */ = {isa = PBXBuildFile; fileRef = 167C4F68215941510001A8A7 /* MoviesRequestHandlerTests.swift */; };
		167C4F6B2159542C0001A8A7 /* MoviesViewController+UITableView.swift in Sources */ = {isa = PBXBuildFile; fileRef = 167C4F6A2159542C0001A8A7 /* MoviesViewController+UITableView.swift */; };
		161C4E9B214ED179003EB5A3 /* MovieDetails+CoreDataProperties.swift in Sources */ = {isa = PBXBuildFile; fileRef = 161C4E99214ED179003EB5A3 /* MovieDetails+CoreDataProperties.swift */; };
		167C4F6D215A34540001A8A7 /* MoviesListViewModelProtocol.swift in Sources */ = {isa = PBXBuildFile; fileRef = 167C4F6C215A34540001A8A7 /* MoviesListViewModelProtocol.swift */; };
/* End PBXBuildFile section */

/* Begin PBXContainerItemProxy section */
		161C4E86214E8736003EB5A3 /* PBXContainerItemProxy */ = {
			isa = PBXContainerItemProxy;
			containerPortal = 161C4E66214E8735003EB5A3 /* Project object */;
			proxyType = 1;
			remoteGlobalIDString = 161C4E6D214E8735003EB5A3;
			remoteInfo = MovieDBDiscovery;
		};
/* End PBXContainerItemProxy section */

/* Begin PBXFileReference section */
		161C4E6E214E8735003EB5A3 /* MovieDBDiscovery.app */ = {isa = PBXFileReference; explicitFileType = wrapper.application; includeInIndex = 0; path = MovieDBDiscovery.app; sourceTree = BUILT_PRODUCTS_DIR; };
		161C4E71214E8735003EB5A3 /* AppDelegate.swift */ = {isa = PBXFileReference; lastKnownFileType = sourcecode.swift; path = AppDelegate.swift; sourceTree = "<group>"; };
		161C4E73214E8735003EB5A3 /* MoviesViewController.swift */ = {isa = PBXFileReference; lastKnownFileType = sourcecode.swift; path = MoviesViewController.swift; sourceTree = "<group>"; };
		161C4E76214E8735003EB5A3 /* Base */ = {isa = PBXFileReference; lastKnownFileType = file.storyboard; name = Base; path = Base.lproj/Main.storyboard; sourceTree = "<group>"; };
		161C4E79214E8735003EB5A3 /* MovieDBDiscovery.xcdatamodel */ = {isa = PBXFileReference; lastKnownFileType = wrapper.xcdatamodel; path = MovieDBDiscovery.xcdatamodel; sourceTree = "<group>"; };
		161C4E7B214E8736003EB5A3 /* Assets.xcassets */ = {isa = PBXFileReference; lastKnownFileType = folder.assetcatalog; path = Assets.xcassets; sourceTree = "<group>"; };
		161C4E7E214E8736003EB5A3 /* Base */ = {isa = PBXFileReference; lastKnownFileType = file.storyboard; name = Base; path = Base.lproj/LaunchScreen.storyboard; sourceTree = "<group>"; };
		161C4E80214E8736003EB5A3 /* Info.plist */ = {isa = PBXFileReference; lastKnownFileType = text.plist.xml; path = Info.plist; sourceTree = "<group>"; };
		161C4E85214E8736003EB5A3 /* MovieDBDiscoveryTests.xctest */ = {isa = PBXFileReference; explicitFileType = wrapper.cfbundle; includeInIndex = 0; path = MovieDBDiscoveryTests.xctest; sourceTree = BUILT_PRODUCTS_DIR; };
		161C4E89214E8736003EB5A3 /* MoviesViewModelTests.swift */ = {isa = PBXFileReference; lastKnownFileType = sourcecode.swift; path = MoviesViewModelTests.swift; sourceTree = "<group>"; };
		161C4E8B214E8736003EB5A3 /* Info.plist */ = {isa = PBXFileReference; lastKnownFileType = text.plist.xml; path = Info.plist; sourceTree = "<group>"; };
		161C4E9D214EEEB0003EB5A3 /* MovieCell.swift */ = {isa = PBXFileReference; lastKnownFileType = sourcecode.swift; path = MovieCell.swift; sourceTree = "<group>"; };
		161C4E94214ED14A003EB5A3 /* Movie+CoreDataClass.swift */ = {isa = PBXFileReference; lastKnownFileType = sourcecode.swift; name = "Movie+CoreDataClass.swift"; path = "MovieDBDiscovery/Model/Movie+CoreDataClass.swift"; sourceTree = "<group>"; };
		167C4F19215121F20001A8A7 /* Alamofire.framework */ = {isa = PBXFileReference; lastKnownFileType = wrapper.framework; name = Alamofire.framework; path = Carthage/Build/iOS/Alamofire.framework; sourceTree = "<group>"; };
		167C4F4C2154FD390001A8A7 /* APISession.swift */ = {isa = PBXFileReference; lastKnownFileType = sourcecode.swift; path = APISession.swift; sourceTree = "<group>"; };
		167C4F4E215507610001A8A7 /* MoviesRequestHandler.swift */ = {isa = PBXFileReference; lastKnownFileType = sourcecode.swift; path = MoviesRequestHandler.swift; sourceTree = "<group>"; };
		167C4F52215654380001A8A7 /* MoviesListViewModel.swift */ = {isa = PBXFileReference; lastKnownFileType = sourcecode.swift; path = MoviesListViewModel.swift; sourceTree = "<group>"; };
		167C4F54215654460001A8A7 /* Movie.swift */ = {isa = PBXFileReference; lastKnownFileType = sourcecode.swift; path = Movie.swift; sourceTree = "<group>"; };
		161C4E95214ED14A003EB5A3 /* Movie+CoreDataProperties.swift */ = {isa = PBXFileReference; lastKnownFileType = sourcecode.swift; name = "Movie+CoreDataProperties.swift"; path = "MovieDBDiscovery/Model/Movie+CoreDataProperties.swift"; sourceTree = "<group>"; };
		167C4F572157BB550001A8A7 /* MovieViewModel.swift */ = {isa = PBXFileReference; lastKnownFileType = sourcecode.swift; path = MovieViewModel.swift; sourceTree = "<group>"; };
		167C4F592157CC770001A8A7 /* AlamofireImage.framework */ = {isa = PBXFileReference; lastKnownFileType = wrapper.framework; name = AlamofireImage.framework; path = Carthage/Build/iOS/AlamofireImage.framework; sourceTree = "<group>"; };
		167C4F5B215821250001A8A7 /* Mocks.swift */ = {isa = PBXFileReference; lastKnownFileType = sourcecode.swift; path = Mocks.swift; sourceTree = "<group>"; };
		167C4F5D2158B3220001A8A7 /* TestData.swift */ = {isa = PBXFileReference; lastKnownFileType = sourcecode.swift; path = TestData.swift; sourceTree = "<group>"; };
		161C4E98214ED179003EB5A3 /* MovieDetails+CoreDataClass.swift */ = {isa = PBXFileReference; lastKnownFileType = sourcecode.swift; name = "MovieDetails+CoreDataClass.swift"; path = "MovieDBDiscovery/Model/MovieDetails+CoreDataClass.swift"; sourceTree = "<group>"; };
		167C4F5F2158CB720001A8A7 /* ModelTests.swift */ = {isa = PBXFileReference; lastKnownFileType = sourcecode.swift; path = ModelTests.swift; sourceTree = "<group>"; };
		167C4F612158F8DA0001A8A7 /* MovieCellTests.swift */ = {isa = PBXFileReference; lastKnownFileType = sourcecode.swift; path = MovieCellTests.swift; sourceTree = "<group>"; };
		167C4F6421590ECE0001A8A7 /* SearchFooter.swift */ = {isa = PBXFileReference; fileEncoding = 4; lastKnownFileType = sourcecode.swift; path = SearchFooter.swift; sourceTree = "<group>"; };
		167C4F66215910060001A8A7 /* MoviesViewController+SearchController.swift */ = {isa = PBXFileReference; lastKnownFileType = sourcecode.swift; path = "MoviesViewController+SearchController.swift"; sourceTree = "<group>"; };
		161C4E99214ED179003EB5A3 /* MovieDetails+CoreDataProperties.swift */ = {isa = PBXFileReference; lastKnownFileType = sourcecode.swift; name = "MovieDetails+CoreDataProperties.swift"; path = "MovieDBDiscovery/Model/MovieDetails+CoreDataProperties.swift"; sourceTree = "<group>"; };
		167C4F68215941510001A8A7 /* MoviesRequestHandlerTests.swift */ = {isa = PBXFileReference; lastKnownFileType = sourcecode.swift; path = MoviesRequestHandlerTests.swift; sourceTree = "<group>"; };
		167C4F6A2159542C0001A8A7 /* MoviesViewController+UITableView.swift */ = {isa = PBXFileReference; lastKnownFileType = sourcecode.swift; path = "MoviesViewController+UITableView.swift"; sourceTree = "<group>"; };
		167C4F6C215A34540001A8A7 /* MoviesListViewModelProtocol.swift */ = {isa = PBXFileReference; lastKnownFileType = sourcecode.swift; path = MoviesListViewModelProtocol.swift; sourceTree = "<group>"; };
/* End PBXFileReference section */

/* Begin PBXFrameworksBuildPhase section */
		161C4E6B214E8735003EB5A3 /* Frameworks */ = {
			isa = PBXFrameworksBuildPhase;
			buildActionMask = 2147483647;
			files = (
				167C4F1A215121F20001A8A7 /* Alamofire.framework in Frameworks */,
				167C4F5A2157CC770001A8A7 /* AlamofireImage.framework in Frameworks */,
			);
			runOnlyForDeploymentPostprocessing = 0;
		};
		161C4E82214E8736003EB5A3 /* Frameworks */ = {
			isa = PBXFrameworksBuildPhase;
			buildActionMask = 2147483647;
			files = (
			);
			runOnlyForDeploymentPostprocessing = 0;
		};
/* End PBXFrameworksBuildPhase section */

/* Begin PBXGroup section */
		161C4E65214E8735003EB5A3 = {
			isa = PBXGroup;
			children = (
				161C4E98214ED179003EB5A3 /* MovieDetails+CoreDataClass.swift */,
				161C4E99214ED179003EB5A3 /* MovieDetails+CoreDataProperties.swift */,
				161C4E94214ED14A003EB5A3 /* Movie+CoreDataClass.swift */,
				161C4E95214ED14A003EB5A3 /* Movie+CoreDataProperties.swift */,
				161C4E70214E8735003EB5A3 /* MovieDBDiscovery */,
				161C4E88214E8736003EB5A3 /* MovieDBDiscoveryTests */,
				161C4E6F214E8735003EB5A3 /* Products */,
				167C4F18215121F20001A8A7 /* Frameworks */,
			);
			sourceTree = "<group>";
		};
		161C4E6F214E8735003EB5A3 /* Products */ = {
			isa = PBXGroup;
			children = (
				161C4E6E214E8735003EB5A3 /* MovieDBDiscovery.app */,
				161C4E85214E8736003EB5A3 /* MovieDBDiscoveryTests.xctest */,
			);
			name = Products;
			sourceTree = "<group>";
		};
		161C4E70214E8735003EB5A3 /* MovieDBDiscovery */ = {
			isa = PBXGroup;
			children = (
				161C4E71214E8735003EB5A3 /* AppDelegate.swift */,
				161C4E75214E8735003EB5A3 /* Main.storyboard */,
				167C4F512156541E0001A8A7 /* Model */,
				167C4F50215653E80001A8A7 /* ViewModel */,
				167C4F4B2154FBBE0001A8A7 /* service */,
				161C4E9C214EEE93003EB5A3 /* View */,
				161C4E7B214E8736003EB5A3 /* Assets.xcassets */,
				161C4E7D214E8736003EB5A3 /* LaunchScreen.storyboard */,
				161C4E80214E8736003EB5A3 /* Info.plist */,
				161C4E78214E8735003EB5A3 /* MovieDBDiscovery.xcdatamodeld */,
			);
			path = MovieDBDiscovery;
			sourceTree = "<group>";
		};
		161C4E88214E8736003EB5A3 /* MovieDBDiscoveryTests */ = {
			isa = PBXGroup;
			children = (
				161C4E8B214E8736003EB5A3 /* Info.plist */,
				167C4F5B215821250001A8A7 /* Mocks.swift */,
				167C4F5F2158CB720001A8A7 /* ModelTests.swift */,
				167C4F612158F8DA0001A8A7 /* MovieCellTests.swift */,
				167C4F68215941510001A8A7 /* MoviesRequestHandlerTests.swift */,
				161C4E89214E8736003EB5A3 /* MoviesViewModelTests.swift */,
				167C4F5D2158B3220001A8A7 /* TestData.swift */,
			);
			path = MovieDBDiscoveryTests;
			sourceTree = "<group>";
		};
		161C4E9C214EEE93003EB5A3 /* View */ = {
			isa = PBXGroup;
			children = (
				161C4E9D214EEEB0003EB5A3 /* MovieCell.swift */,
				161C4E73214E8735003EB5A3 /* MoviesViewController.swift */,
				167C4F66215910060001A8A7 /* MoviesViewController+SearchController.swift */,
				167C4F6A2159542C0001A8A7 /* MoviesViewController+UITableView.swift */,
				167C4F6421590ECE0001A8A7 /* SearchFooter.swift */,
			);
			path = View;
			sourceTree = "<group>";
		};
		167C4F18215121F20001A8A7 /* Frameworks */ = {
			isa = PBXGroup;
			children = (
				167C4F592157CC770001A8A7 /* AlamofireImage.framework */,
				167C4F19215121F20001A8A7 /* Alamofire.framework */,
			);
			name = Frameworks;
			sourceTree = "<group>";
		};
		167C4F4B2154FBBE0001A8A7 /* service */ = {
			isa = PBXGroup;
			children = (
				167C4F4C2154FD390001A8A7 /* APISession.swift */,
				167C4F4E215507610001A8A7 /* MoviesRequestHandler.swift */,
			);
			path = service;
			sourceTree = "<group>";
		};
		167C4F50215653E80001A8A7 /* ViewModel */ = {
			isa = PBXGroup;
			children = (
				167C4F52215654380001A8A7 /* MoviesListViewModel.swift */,
				167C4F572157BB550001A8A7 /* MovieViewModel.swift */,
				167C4F6C215A34540001A8A7 /* MoviesListViewModelProtocol.swift */,
			);
			path = ViewModel;
			sourceTree = "<group>";
		};
		167C4F512156541E0001A8A7 /* Model */ = {
			isa = PBXGroup;
			children = (
				167C4F54215654460001A8A7 /* Movie.swift */,
			);
			path = Model;
			sourceTree = "<group>";
		};
/* End PBXGroup section */

/* Begin PBXNativeTarget section */
		161C4E6D214E8735003EB5A3 /* MovieDBDiscovery */ = {
			isa = PBXNativeTarget;
			buildConfigurationList = 161C4E8E214E8736003EB5A3 /* Build configuration list for PBXNativeTarget "MovieDBDiscovery" */;
			buildPhases = (
				161C4E6A214E8735003EB5A3 /* Sources */,
				161C4E6B214E8735003EB5A3 /* Frameworks */,
				161C4E6C214E8735003EB5A3 /* Resources */,
				167C4F56215794CC0001A8A7 /* ShellScript */,
			);
			buildRules = (
			);
			dependencies = (
			);
			name = MovieDBDiscovery;
			productName = MovieDBDiscovery;
			productReference = 161C4E6E214E8735003EB5A3 /* MovieDBDiscovery.app */;
			productType = "com.apple.product-type.application";
		};
		161C4E84214E8736003EB5A3 /* MovieDBDiscoveryTests */ = {
			isa = PBXNativeTarget;
			buildConfigurationList = 161C4E91214E8736003EB5A3 /* Build configuration list for PBXNativeTarget "MovieDBDiscoveryTests" */;
			buildPhases = (
				161C4E81214E8736003EB5A3 /* Sources */,
				161C4E82214E8736003EB5A3 /* Frameworks */,
				161C4E83214E8736003EB5A3 /* Resources */,
			);
			buildRules = (
			);
			dependencies = (
				161C4E87214E8736003EB5A3 /* PBXTargetDependency */,
			);
			name = MovieDBDiscoveryTests;
			productName = MovieDBDiscoveryTests;
			productReference = 161C4E85214E8736003EB5A3 /* MovieDBDiscoveryTests.xctest */;
			productType = "com.apple.product-type.bundle.unit-test";
		};
/* End PBXNativeTarget section */

/* Begin PBXProject section */
		161C4E66214E8735003EB5A3 /* Project object */ = {
			isa = PBXProject;
			attributes = {
				LastSwiftUpdateCheck = 0940;
				LastUpgradeCheck = 0940;
				ORGANIZATIONNAME = RME;
				TargetAttributes = {
					161C4E6D214E8735003EB5A3 = {
						CreatedOnToolsVersion = 9.4.1;
						LastSwiftMigration = 1000;
					};
					161C4E84214E8736003EB5A3 = {
						CreatedOnToolsVersion = 9.4.1;
						LastSwiftMigration = 1000;
						TestTargetID = 161C4E6D214E8735003EB5A3;
					};
				};
			};
			buildConfigurationList = 161C4E69214E8735003EB5A3 /* Build configuration list for PBXProject "MovieDBDiscovery" */;
			compatibilityVersion = "Xcode 9.3";
			developmentRegion = en;
			hasScannedForEncodings = 0;
			knownRegions = (
				en,
				Base,
			);
			mainGroup = 161C4E65214E8735003EB5A3;
			productRefGroup = 161C4E6F214E8735003EB5A3 /* Products */;
			projectDirPath = "";
			projectRoot = "";
			targets = (
				161C4E6D214E8735003EB5A3 /* MovieDBDiscovery */,
				161C4E84214E8736003EB5A3 /* MovieDBDiscoveryTests */,
			);
		};
/* End PBXProject section */

/* Begin PBXResourcesBuildPhase section */
		161C4E6C214E8735003EB5A3 /* Resources */ = {
			isa = PBXResourcesBuildPhase;
			buildActionMask = 2147483647;
			files = (
				161C4E7F214E8736003EB5A3 /* LaunchScreen.storyboard in Resources */,
				161C4E7C214E8736003EB5A3 /* Assets.xcassets in Resources */,
				161C4E77214E8735003EB5A3 /* Main.storyboard in Resources */,
			);
			runOnlyForDeploymentPostprocessing = 0;
		};
		161C4E83214E8736003EB5A3 /* Resources */ = {
			isa = PBXResourcesBuildPhase;
			buildActionMask = 2147483647;
			files = (
			);
			runOnlyForDeploymentPostprocessing = 0;
		};
/* End PBXResourcesBuildPhase section */

/* Begin PBXShellScriptBuildPhase section */
		167C4F56215794CC0001A8A7 /* ShellScript */ = {
			isa = PBXShellScriptBuildPhase;
			buildActionMask = 2147483647;
			files = (
			);
			inputFileListPaths = (
			);
			inputPaths = (
				"$(SRCROOT)/Carthage/Build/iOS/Alamofire.framework",
				"$(SRCROOT)/Carthage/Build/iOS/AlamofireImage.framework",
			);
			outputFileListPaths = (
			);
			outputPaths = (
			);
			runOnlyForDeploymentPostprocessing = 0;
			shellPath = /bin/sh;
			shellScript = "/usr/local/bin/carthage copy-frameworks\n\n";
		};
/* End PBXShellScriptBuildPhase section */

/* Begin PBXSourcesBuildPhase section */
		161C4E6A214E8735003EB5A3 /* Sources */ = {
			isa = PBXSourcesBuildPhase;
			buildActionMask = 2147483647;
			files = (
				161C4E96214ED14A003EB5A3 /* Movie+CoreDataClass.swift in Sources */,
				161C4E97214ED14A003EB5A3 /* Movie+CoreDataProperties.swift in Sources */,
				167C4F6521590ECE0001A8A7 /* SearchFooter.swift in Sources */,
				167C4F4D2154FD390001A8A7 /* APISession.swift in Sources */,
				161C4E9A214ED179003EB5A3 /* MovieDetails+CoreDataClass.swift in Sources */,
				161C4E9B214ED179003EB5A3 /* MovieDetails+CoreDataProperties.swift in Sources */,
				161C4E7A214E8735003EB5A3 /* MovieDBDiscovery.xcdatamodeld in Sources */,
				167C4F55215654460001A8A7 /* Movie.swift in Sources */,
				167C4F67215910060001A8A7 /* MoviesViewController+SearchController.swift in Sources */,
				161C4E74214E8735003EB5A3 /* MoviesViewController.swift in Sources */,
				161C4E9E214EEEB0003EB5A3 /* MovieCell.swift in Sources */,
				167C4F582157BB550001A8A7 /* MovieViewModel.swift in Sources */,
				167C4F53215654380001A8A7 /* MoviesListViewModel.swift in Sources */,
				161C4E72214E8735003EB5A3 /* AppDelegate.swift in Sources */,
				167C4F6D215A34540001A8A7 /* MoviesListViewModelProtocol.swift in Sources */,
				167C4F4F215507610001A8A7 /* MoviesRequestHandler.swift in Sources */,
				167C4F6B2159542C0001A8A7 /* MoviesViewController+UITableView.swift in Sources */,
			);
			runOnlyForDeploymentPostprocessing = 0;
		};
		161C4E81214E8736003EB5A3 /* Sources */ = {
			isa = PBXSourcesBuildPhase;
			buildActionMask = 2147483647;
			files = (
				167C4F5E2158B3220001A8A7 /* TestData.swift in Sources */,
				161C4E8A214E8736003EB5A3 /* MoviesViewModelTests.swift in Sources */,
				167C4F602158CB720001A8A7 /* ModelTests.swift in Sources */,
				167C4F622158F8DA0001A8A7 /* MovieCellTests.swift in Sources */,
				167C4F5C215821250001A8A7 /* Mocks.swift in Sources */,
				167C4F69215941510001A8A7 /* MoviesRequestHandlerTests.swift in Sources */,
			);
			runOnlyForDeploymentPostprocessing = 0;
		};
/* End PBXSourcesBuildPhase section */

/* Begin PBXTargetDependency section */
		161C4E87214E8736003EB5A3 /* PBXTargetDependency */ = {
			isa = PBXTargetDependency;
			target = 161C4E6D214E8735003EB5A3 /* MovieDBDiscovery */;
			targetProxy = 161C4E86214E8736003EB5A3 /* PBXContainerItemProxy */;
		};
/* End PBXTargetDependency section */

/* Begin PBXVariantGroup section */
		161C4E75214E8735003EB5A3 /* Main.storyboard */ = {
			isa = PBXVariantGroup;
			children = (
				161C4E76214E8735003EB5A3 /* Base */,
			);
			name = Main.storyboard;
			sourceTree = "<group>";
		};
		161C4E7D214E8736003EB5A3 /* LaunchScreen.storyboard */ = {
			isa = PBXVariantGroup;
			children = (
				161C4E7E214E8736003EB5A3 /* Base */,
			);
			name = LaunchScreen.storyboard;
			sourceTree = "<group>";
		};
/* End PBXVariantGroup section */

/* Begin XCBuildConfiguration section */
		161C4E8C214E8736003EB5A3 /* Debug */ = {
			isa = XCBuildConfiguration;
			buildSettings = {
				ALWAYS_SEARCH_USER_PATHS = NO;
				CLANG_ANALYZER_NONNULL = YES;
				CLANG_ANALYZER_NUMBER_OBJECT_CONVERSION = YES_AGGRESSIVE;
				CLANG_CXX_LANGUAGE_STANDARD = "gnu++14";
				CLANG_CXX_LIBRARY = "libc++";
				CLANG_ENABLE_MODULES = YES;
				CLANG_ENABLE_OBJC_ARC = YES;
				CLANG_ENABLE_OBJC_WEAK = YES;
				CLANG_WARN_BLOCK_CAPTURE_AUTORELEASING = YES;
				CLANG_WARN_BOOL_CONVERSION = YES;
				CLANG_WARN_COMMA = YES;
				CLANG_WARN_CONSTANT_CONVERSION = YES;
				CLANG_WARN_DEPRECATED_OBJC_IMPLEMENTATIONS = YES;
				CLANG_WARN_DIRECT_OBJC_ISA_USAGE = YES_ERROR;
				CLANG_WARN_DOCUMENTATION_COMMENTS = YES;
				CLANG_WARN_EMPTY_BODY = YES;
				CLANG_WARN_ENUM_CONVERSION = YES;
				CLANG_WARN_INFINITE_RECURSION = YES;
				CLANG_WARN_INT_CONVERSION = YES;
				CLANG_WARN_NON_LITERAL_NULL_CONVERSION = YES;
				CLANG_WARN_OBJC_IMPLICIT_RETAIN_SELF = YES;
				CLANG_WARN_OBJC_LITERAL_CONVERSION = YES;
				CLANG_WARN_OBJC_ROOT_CLASS = YES_ERROR;
				CLANG_WARN_RANGE_LOOP_ANALYSIS = YES;
				CLANG_WARN_STRICT_PROTOTYPES = YES;
				CLANG_WARN_SUSPICIOUS_MOVE = YES;
				CLANG_WARN_UNGUARDED_AVAILABILITY = YES_AGGRESSIVE;
				CLANG_WARN_UNREACHABLE_CODE = YES;
				CLANG_WARN__DUPLICATE_METHOD_MATCH = YES;
				CODE_SIGN_IDENTITY = "iPhone Developer";
				COPY_PHASE_STRIP = NO;
				DEBUG_INFORMATION_FORMAT = dwarf;
				ENABLE_STRICT_OBJC_MSGSEND = YES;
				ENABLE_TESTABILITY = YES;
				GCC_C_LANGUAGE_STANDARD = gnu11;
				GCC_DYNAMIC_NO_PIC = NO;
				GCC_NO_COMMON_BLOCKS = YES;
				GCC_OPTIMIZATION_LEVEL = 0;
				GCC_PREPROCESSOR_DEFINITIONS = (
					"DEBUG=1",
					"$(inherited)",
				);
				GCC_WARN_64_TO_32_BIT_CONVERSION = YES;
				GCC_WARN_ABOUT_RETURN_TYPE = YES_ERROR;
				GCC_WARN_UNDECLARED_SELECTOR = YES;
				GCC_WARN_UNINITIALIZED_AUTOS = YES_AGGRESSIVE;
				GCC_WARN_UNUSED_FUNCTION = YES;
				GCC_WARN_UNUSED_VARIABLE = YES;
				IPHONEOS_DEPLOYMENT_TARGET = 11.4;
				MTL_ENABLE_DEBUG_INFO = YES;
				ONLY_ACTIVE_ARCH = YES;
				SDKROOT = iphoneos;
				SWIFT_ACTIVE_COMPILATION_CONDITIONS = DEBUG;
				SWIFT_OPTIMIZATION_LEVEL = "-Onone";
			};
			name = Debug;
		};
		161C4E8D214E8736003EB5A3 /* Release */ = {
			isa = XCBuildConfiguration;
			buildSettings = {
				ALWAYS_SEARCH_USER_PATHS = NO;
				CLANG_ANALYZER_NONNULL = YES;
				CLANG_ANALYZER_NUMBER_OBJECT_CONVERSION = YES_AGGRESSIVE;
				CLANG_CXX_LANGUAGE_STANDARD = "gnu++14";
				CLANG_CXX_LIBRARY = "libc++";
				CLANG_ENABLE_MODULES = YES;
				CLANG_ENABLE_OBJC_ARC = YES;
				CLANG_ENABLE_OBJC_WEAK = YES;
				CLANG_WARN_BLOCK_CAPTURE_AUTORELEASING = YES;
				CLANG_WARN_BOOL_CONVERSION = YES;
				CLANG_WARN_COMMA = YES;
				CLANG_WARN_CONSTANT_CONVERSION = YES;
				CLANG_WARN_DEPRECATED_OBJC_IMPLEMENTATIONS = YES;
				CLANG_WARN_DIRECT_OBJC_ISA_USAGE = YES_ERROR;
				CLANG_WARN_DOCUMENTATION_COMMENTS = YES;
				CLANG_WARN_EMPTY_BODY = YES;
				CLANG_WARN_ENUM_CONVERSION = YES;
				CLANG_WARN_INFINITE_RECURSION = YES;
				CLANG_WARN_INT_CONVERSION = YES;
				CLANG_WARN_NON_LITERAL_NULL_CONVERSION = YES;
				CLANG_WARN_OBJC_IMPLICIT_RETAIN_SELF = YES;
				CLANG_WARN_OBJC_LITERAL_CONVERSION = YES;
				CLANG_WARN_OBJC_ROOT_CLASS = YES_ERROR;
				CLANG_WARN_RANGE_LOOP_ANALYSIS = YES;
				CLANG_WARN_STRICT_PROTOTYPES = YES;
				CLANG_WARN_SUSPICIOUS_MOVE = YES;
				CLANG_WARN_UNGUARDED_AVAILABILITY = YES_AGGRESSIVE;
				CLANG_WARN_UNREACHABLE_CODE = YES;
				CLANG_WARN__DUPLICATE_METHOD_MATCH = YES;
				CODE_SIGN_IDENTITY = "iPhone Developer";
				COPY_PHASE_STRIP = NO;
				DEBUG_INFORMATION_FORMAT = "dwarf-with-dsym";
				ENABLE_NS_ASSERTIONS = NO;
				ENABLE_STRICT_OBJC_MSGSEND = YES;
				GCC_C_LANGUAGE_STANDARD = gnu11;
				GCC_NO_COMMON_BLOCKS = YES;
				GCC_WARN_64_TO_32_BIT_CONVERSION = YES;
				GCC_WARN_ABOUT_RETURN_TYPE = YES_ERROR;
				GCC_WARN_UNDECLARED_SELECTOR = YES;
				GCC_WARN_UNINITIALIZED_AUTOS = YES_AGGRESSIVE;
				GCC_WARN_UNUSED_FUNCTION = YES;
				GCC_WARN_UNUSED_VARIABLE = YES;
				IPHONEOS_DEPLOYMENT_TARGET = 11.4;
				MTL_ENABLE_DEBUG_INFO = NO;
				SDKROOT = iphoneos;
				SWIFT_COMPILATION_MODE = wholemodule;
				SWIFT_OPTIMIZATION_LEVEL = "-O";
				VALIDATE_PRODUCT = YES;
			};
			name = Release;
		};
		161C4E8F214E8736003EB5A3 /* Debug */ = {
			isa = XCBuildConfiguration;
			buildSettings = {
				ASSETCATALOG_COMPILER_APPICON_NAME = AppIcon;
				CODE_SIGN_STYLE = Automatic;
				DEVELOPMENT_TEAM = 7NJ8LY9LXF;
				FRAMEWORK_SEARCH_PATHS = (
					"$(inherited)",
					"$(PROJECT_DIR)/Carthage/Build/iOS",
				);
				INFOPLIST_FILE = MovieDBDiscovery/Info.plist;
				LD_RUNPATH_SEARCH_PATHS = (
					"$(inherited)",
					"@executable_path/Frameworks",
				);
				PRODUCT_BUNDLE_IDENTIFIER = com.RME.MovieDBDiscovery;
				PRODUCT_NAME = "$(TARGET_NAME)";
				SWIFT_VERSION = 4.2;
				TARGETED_DEVICE_FAMILY = "1,2";
			};
			name = Debug;
		};
		161C4E90214E8736003EB5A3 /* Release */ = {
			isa = XCBuildConfiguration;
			buildSettings = {
				ASSETCATALOG_COMPILER_APPICON_NAME = AppIcon;
				CODE_SIGN_STYLE = Automatic;
				DEVELOPMENT_TEAM = 7NJ8LY9LXF;
				FRAMEWORK_SEARCH_PATHS = (
					"$(inherited)",
					"$(PROJECT_DIR)/Carthage/Build/iOS",
				);
				INFOPLIST_FILE = MovieDBDiscovery/Info.plist;
				LD_RUNPATH_SEARCH_PATHS = (
					"$(inherited)",
					"@executable_path/Frameworks",
				);
				PRODUCT_BUNDLE_IDENTIFIER = com.RME.MovieDBDiscovery;
				PRODUCT_NAME = "$(TARGET_NAME)";
				SWIFT_VERSION = 4.2;
				TARGETED_DEVICE_FAMILY = "1,2";
			};
			name = Release;
		};
		161C4E92214E8736003EB5A3 /* Debug */ = {
			isa = XCBuildConfiguration;
			buildSettings = {
				ALWAYS_EMBED_SWIFT_STANDARD_LIBRARIES = YES;
				BUNDLE_LOADER = "$(TEST_HOST)";
				CODE_SIGN_STYLE = Automatic;
				DEVELOPMENT_TEAM = 7NJ8LY9LXF;
				INFOPLIST_FILE = MovieDBDiscoveryTests/Info.plist;
				LD_RUNPATH_SEARCH_PATHS = (
					"$(inherited)",
					"@executable_path/Frameworks",
					"@loader_path/Frameworks",
				);
				PRODUCT_BUNDLE_IDENTIFIER = com.RME.MovieDBDiscoveryTests;
				PRODUCT_NAME = "$(TARGET_NAME)";
				SWIFT_VERSION = 4.2;
				TARGETED_DEVICE_FAMILY = "1,2";
				TEST_HOST = "$(BUILT_PRODUCTS_DIR)/MovieDBDiscovery.app/MovieDBDiscovery";
			};
			name = Debug;
		};
		161C4E93214E8736003EB5A3 /* Release */ = {
			isa = XCBuildConfiguration;
			buildSettings = {
				ALWAYS_EMBED_SWIFT_STANDARD_LIBRARIES = YES;
				BUNDLE_LOADER = "$(TEST_HOST)";
				CODE_SIGN_STYLE = Automatic;
				DEVELOPMENT_TEAM = 7NJ8LY9LXF;
				INFOPLIST_FILE = MovieDBDiscoveryTests/Info.plist;
				LD_RUNPATH_SEARCH_PATHS = (
					"$(inherited)",
					"@executable_path/Frameworks",
					"@loader_path/Frameworks",
				);
				PRODUCT_BUNDLE_IDENTIFIER = com.RME.MovieDBDiscoveryTests;
				PRODUCT_NAME = "$(TARGET_NAME)";
				SWIFT_VERSION = 4.2;
				TARGETED_DEVICE_FAMILY = "1,2";
				TEST_HOST = "$(BUILT_PRODUCTS_DIR)/MovieDBDiscovery.app/MovieDBDiscovery";
			};
			name = Release;
		};
/* End XCBuildConfiguration section */

/* Begin XCConfigurationList section */
		161C4E69214E8735003EB5A3 /* Build configuration list for PBXProject "MovieDBDiscovery" */ = {
			isa = XCConfigurationList;
			buildConfigurations = (
				161C4E8C214E8736003EB5A3 /* Debug */,
				161C4E8D214E8736003EB5A3 /* Release */,
			);
			defaultConfigurationIsVisible = 0;
			defaultConfigurationName = Release;
		};
		161C4E8E214E8736003EB5A3 /* Build configuration list for PBXNativeTarget "MovieDBDiscovery" */ = {
			isa = XCConfigurationList;
			buildConfigurations = (
				161C4E8F214E8736003EB5A3 /* Debug */,
				161C4E90214E8736003EB5A3 /* Release */,
			);
			defaultConfigurationIsVisible = 0;
			defaultConfigurationName = Release;
		};
		161C4E91214E8736003EB5A3 /* Build configuration list for PBXNativeTarget "MovieDBDiscoveryTests" */ = {
			isa = XCConfigurationList;
			buildConfigurations = (
				161C4E92214E8736003EB5A3 /* Debug */,
				161C4E93214E8736003EB5A3 /* Release */,
			);
			defaultConfigurationIsVisible = 0;
			defaultConfigurationName = Release;
		};
/* End XCConfigurationList section */

/* Begin XCVersionGroup section */
		161C4E78214E8735003EB5A3 /* MovieDBDiscovery.xcdatamodeld */ = {
			isa = XCVersionGroup;
			children = (
				161C4E79214E8735003EB5A3 /* MovieDBDiscovery.xcdatamodel */,
			);
			currentVersion = 161C4E79214E8735003EB5A3 /* MovieDBDiscovery.xcdatamodel */;
			path = MovieDBDiscovery.xcdatamodeld;
			sourceTree = "<group>";
			versionGroupType = wrapper.xcdatamodel;
		};
/* End XCVersionGroup section */
	};
	rootObject = 161C4E66214E8735003EB5A3 /* Project object */;
}
